// !$*UTF8*$!
{
	archiveVersion = 1;
	classes = {
	};
	objectVersion = 51;
	objects = {

/* Begin PBXBuildFile section */
		431A420225F81C3D00DB7F11 /* ErrorAlertViewController.swift in Sources */ = {isa = PBXBuildFile; fileRef = 431A420125F81C3D00DB7F11 /* ErrorAlertViewController.swift */; };
		431A420D25F8246300DB7F11 /* EmptyTableView.swift in Sources */ = {isa = PBXBuildFile; fileRef = 431A420C25F8246300DB7F11 /* EmptyTableView.swift */; };
		431A421225F8292000DB7F11 /* TableView.swift in Sources */ = {isa = PBXBuildFile; fileRef = 431A421125F8292000DB7F11 /* TableView.swift */; };
		439D38DD25F53F6800C0AA05 /* AppDelegate.swift in Sources */ = {isa = PBXBuildFile; fileRef = 439D38DC25F53F6800C0AA05 /* AppDelegate.swift */; };
		439D38DF25F53F6800C0AA05 /* SceneDelegate.swift in Sources */ = {isa = PBXBuildFile; fileRef = 439D38DE25F53F6800C0AA05 /* SceneDelegate.swift */; };
		439D38E425F53F6800C0AA05 /* Main.storyboard in Resources */ = {isa = PBXBuildFile; fileRef = 439D38E225F53F6800C0AA05 /* Main.storyboard */; };
		439D38E625F53F7500C0AA05 /* Assets.xcassets in Resources */ = {isa = PBXBuildFile; fileRef = 439D38E525F53F7500C0AA05 /* Assets.xcassets */; };
		439D38E925F53F7500C0AA05 /* LaunchScreen.storyboard in Resources */ = {isa = PBXBuildFile; fileRef = 439D38E725F53F7500C0AA05 /* LaunchScreen.storyboard */; };
		439D38F425F53F7500C0AA05 /* WonkaCrewTests.swift in Sources */ = {isa = PBXBuildFile; fileRef = 439D38F325F53F7500C0AA05 /* WonkaCrewTests.swift */; };
		439D38FF25F53F7500C0AA05 /* WonkaCrewUITests.swift in Sources */ = {isa = PBXBuildFile; fileRef = 439D38FE25F53F7500C0AA05 /* WonkaCrewUITests.swift */; };
		439D392B25F5455600C0AA05 /* CrewListViewController.swift in Sources */ = {isa = PBXBuildFile; fileRef = 439D392A25F5455600C0AA05 /* CrewListViewController.swift */; };
		439D394025F54DD800C0AA05 /* APIConfiguration.swift in Sources */ = {isa = PBXBuildFile; fileRef = 439D393F25F54DD800C0AA05 /* APIConfiguration.swift */; };
		439D394825F55C5A00C0AA05 /* ServerFetcherType.swift in Sources */ = {isa = PBXBuildFile; fileRef = 439D394725F55C5A00C0AA05 /* ServerFetcherType.swift */; };
		439D394E25F55CF000C0AA05 /* OompaLoompa.swift in Sources */ = {isa = PBXBuildFile; fileRef = 439D394D25F55CF000C0AA05 /* OompaLoompa.swift */; };
		439D395625F55E0300C0AA05 /* Gender.swift in Sources */ = {isa = PBXBuildFile; fileRef = 439D395525F55E0300C0AA05 /* Gender.swift */; };
		439D395B25F5637600C0AA05 /* ServerFetcher.swift in Sources */ = {isa = PBXBuildFile; fileRef = 439D395A25F5637600C0AA05 /* ServerFetcher.swift */; };
		439D396025F57DCB00C0AA05 /* OompaLoompaTableViewCell.swift in Sources */ = {isa = PBXBuildFile; fileRef = 439D395F25F57DCB00C0AA05 /* OompaLoompaTableViewCell.swift */; };
		439D396525F57F1C00C0AA05 /* OompaLoompaPresentable.swift in Sources */ = {isa = PBXBuildFile; fileRef = 439D396425F57F1C00C0AA05 /* OompaLoompaPresentable.swift */; };
		439D396A25F57FB500C0AA05 /* CrewListViewModel.swift in Sources */ = {isa = PBXBuildFile; fileRef = 439D396925F57FB500C0AA05 /* CrewListViewModel.swift */; };
		439D397225F5815B00C0AA05 /* OompaLoompaViewModel.swift in Sources */ = {isa = PBXBuildFile; fileRef = 439D397125F5815B00C0AA05 /* OompaLoompaViewModel.swift */; };
		439D397B25F613FB00C0AA05 /* CustomActivityIndicatorView.swift in Sources */ = {isa = PBXBuildFile; fileRef = 439D397A25F613FB00C0AA05 /* CustomActivityIndicatorView.swift */; };
		439D399025F61BCF00C0AA05 /* UIImage+Gif.swift in Sources */ = {isa = PBXBuildFile; fileRef = 439D398F25F61BCF00C0AA05 /* UIImage+Gif.swift */; };
		439D399E25F6359100C0AA05 /* loading.gif in Resources */ = {isa = PBXBuildFile; fileRef = 439D399D25F6359100C0AA05 /* loading.gif */; };
		439D39A625F6424900C0AA05 /* CrewList.swift in Sources */ = {isa = PBXBuildFile; fileRef = 439D39A525F6424900C0AA05 /* CrewList.swift */; };
		439D39DB25F67F2600C0AA05 /* loadingImage.gif in Resources */ = {isa = PBXBuildFile; fileRef = 439D39DA25F67F2600C0AA05 /* loadingImage.gif */; };
		439D39F725F6D62000C0AA05 /* Storyboardable.swift in Sources */ = {isa = PBXBuildFile; fileRef = 439D39F625F6D62000C0AA05 /* Storyboardable.swift */; };
		439D39FE25F6D75D00C0AA05 /* Coordinator.swift in Sources */ = {isa = PBXBuildFile; fileRef = 439D39FD25F6D75D00C0AA05 /* Coordinator.swift */; };
		439D3A0325F6D7D100C0AA05 /* AppCoordinator.swift in Sources */ = {isa = PBXBuildFile; fileRef = 439D3A0225F6D7D100C0AA05 /* AppCoordinator.swift */; };
		439D3A1825F6DF7300C0AA05 /* FiltersViewController.swift in Sources */ = {isa = PBXBuildFile; fileRef = 439D3A1725F6DF7300C0AA05 /* FiltersViewController.swift */; };
		439D3A2225F6E42F00C0AA05 /* FiltersPresentable.swift in Sources */ = {isa = PBXBuildFile; fileRef = 439D3A2125F6E42F00C0AA05 /* FiltersPresentable.swift */; };
		439D3A2725F6E48B00C0AA05 /* FiltersViewModel.swift in Sources */ = {isa = PBXBuildFile; fileRef = 439D3A2625F6E48B00C0AA05 /* FiltersViewModel.swift */; };
		439D3A2C25F6E4A000C0AA05 /* FilterGenderViewModel.swift in Sources */ = {isa = PBXBuildFile; fileRef = 439D3A2B25F6E4A000C0AA05 /* FilterGenderViewModel.swift */; };
		439D3A3125F6E4B300C0AA05 /* FilterProfessionViewModel.swift in Sources */ = {isa = PBXBuildFile; fileRef = 439D3A3025F6E4B300C0AA05 /* FilterProfessionViewModel.swift */; };
		439D3A3725F764C800C0AA05 /* FiltersTableViewCell.swift in Sources */ = {isa = PBXBuildFile; fileRef = 439D3A3625F764C800C0AA05 /* FiltersTableViewCell.swift */; };
		439D3A3F25F76BE700C0AA05 /* Profession.swift in Sources */ = {isa = PBXBuildFile; fileRef = 439D3A3E25F76BE700C0AA05 /* Profession.swift */; };
		439D3A4425F77A9800C0AA05 /* UserDefaults.swift in Sources */ = {isa = PBXBuildFile; fileRef = 439D3A4325F77A9800C0AA05 /* UserDefaults.swift */; };
		439D3A4925F79C7100C0AA05 /* FiltersHeaderView.swift in Sources */ = {isa = PBXBuildFile; fileRef = 439D3A4825F79C7100C0AA05 /* FiltersHeaderView.swift */; };
		4407DD9813FBA53DE86D6DCC /* Pods_WonkaCrewTests.framework in Frameworks */ = {isa = PBXBuildFile; fileRef = 9A913A2B00B0894FA80630F8 /* Pods_WonkaCrewTests.framework */; };
		73362A6677A3D9E70DE96A65 /* Pods_WonkaCrew.framework in Frameworks */ = {isa = PBXBuildFile; fileRef = 2C82FEB402CE82B6A4C56404 /* Pods_WonkaCrew.framework */; };
		C31D0D499CDAF14BA0B97D1B /* Pods_WonkaCrew_WonkaCrewUITests.framework in Frameworks */ = {isa = PBXBuildFile; fileRef = 0F54DE638266D10B9D82549C /* Pods_WonkaCrew_WonkaCrewUITests.framework */; };
/* End PBXBuildFile section */

/* Begin PBXContainerItemProxy section */
		439D38F025F53F7500C0AA05 /* PBXContainerItemProxy */ = {
			isa = PBXContainerItemProxy;
			containerPortal = 439D38D125F53F6800C0AA05 /* Project object */;
			proxyType = 1;
			remoteGlobalIDString = 439D38D825F53F6800C0AA05;
			remoteInfo = WonkaCrew;
		};
		439D38FB25F53F7500C0AA05 /* PBXContainerItemProxy */ = {
			isa = PBXContainerItemProxy;
			containerPortal = 439D38D125F53F6800C0AA05 /* Project object */;
			proxyType = 1;
			remoteGlobalIDString = 439D38D825F53F6800C0AA05;
			remoteInfo = WonkaCrew;
		};
/* End PBXContainerItemProxy section */

/* Begin PBXFileReference section */
		0D1C3629390CA2E6F7827D50 /* Pods-WonkaCrewTests.debug.xcconfig */ = {isa = PBXFileReference; includeInIndex = 1; lastKnownFileType = text.xcconfig; name = "Pods-WonkaCrewTests.debug.xcconfig"; path = "Target Support Files/Pods-WonkaCrewTests/Pods-WonkaCrewTests.debug.xcconfig"; sourceTree = "<group>"; };
		0E9538EAA80BCDCC53311F19 /* Pods-WonkaCrew.release.xcconfig */ = {isa = PBXFileReference; includeInIndex = 1; lastKnownFileType = text.xcconfig; name = "Pods-WonkaCrew.release.xcconfig"; path = "Target Support Files/Pods-WonkaCrew/Pods-WonkaCrew.release.xcconfig"; sourceTree = "<group>"; };
		0F54DE638266D10B9D82549C /* Pods_WonkaCrew_WonkaCrewUITests.framework */ = {isa = PBXFileReference; explicitFileType = wrapper.framework; includeInIndex = 0; path = Pods_WonkaCrew_WonkaCrewUITests.framework; sourceTree = BUILT_PRODUCTS_DIR; };
		2C82FEB402CE82B6A4C56404 /* Pods_WonkaCrew.framework */ = {isa = PBXFileReference; explicitFileType = wrapper.framework; includeInIndex = 0; path = Pods_WonkaCrew.framework; sourceTree = BUILT_PRODUCTS_DIR; };
		431A420125F81C3D00DB7F11 /* ErrorAlertViewController.swift */ = {isa = PBXFileReference; lastKnownFileType = sourcecode.swift; path = ErrorAlertViewController.swift; sourceTree = "<group>"; };
		431A420C25F8246300DB7F11 /* EmptyTableView.swift */ = {isa = PBXFileReference; lastKnownFileType = sourcecode.swift; path = EmptyTableView.swift; sourceTree = "<group>"; };
		431A421125F8292000DB7F11 /* TableView.swift */ = {isa = PBXFileReference; lastKnownFileType = sourcecode.swift; path = TableView.swift; sourceTree = "<group>"; };
		439D38D925F53F6800C0AA05 /* WonkaCrew.app */ = {isa = PBXFileReference; explicitFileType = wrapper.application; includeInIndex = 0; path = WonkaCrew.app; sourceTree = BUILT_PRODUCTS_DIR; };
		439D38DC25F53F6800C0AA05 /* AppDelegate.swift */ = {isa = PBXFileReference; lastKnownFileType = sourcecode.swift; path = AppDelegate.swift; sourceTree = "<group>"; };
		439D38DE25F53F6800C0AA05 /* SceneDelegate.swift */ = {isa = PBXFileReference; lastKnownFileType = sourcecode.swift; path = SceneDelegate.swift; sourceTree = "<group>"; };
		439D38E325F53F6800C0AA05 /* Base */ = {isa = PBXFileReference; lastKnownFileType = file.storyboard; name = Base; path = Base.lproj/Main.storyboard; sourceTree = "<group>"; };
		439D38E525F53F7500C0AA05 /* Assets.xcassets */ = {isa = PBXFileReference; lastKnownFileType = folder.assetcatalog; path = Assets.xcassets; sourceTree = "<group>"; };
		439D38E825F53F7500C0AA05 /* Base */ = {isa = PBXFileReference; lastKnownFileType = file.storyboard; name = Base; path = Base.lproj/LaunchScreen.storyboard; sourceTree = "<group>"; };
		439D38EA25F53F7500C0AA05 /* Info.plist */ = {isa = PBXFileReference; lastKnownFileType = text.plist.xml; path = Info.plist; sourceTree = "<group>"; };
		439D38EF25F53F7500C0AA05 /* WonkaCrewTests.xctest */ = {isa = PBXFileReference; explicitFileType = wrapper.cfbundle; includeInIndex = 0; path = WonkaCrewTests.xctest; sourceTree = BUILT_PRODUCTS_DIR; };
		439D38F325F53F7500C0AA05 /* WonkaCrewTests.swift */ = {isa = PBXFileReference; lastKnownFileType = sourcecode.swift; path = WonkaCrewTests.swift; sourceTree = "<group>"; };
		439D38F525F53F7500C0AA05 /* Info.plist */ = {isa = PBXFileReference; lastKnownFileType = text.plist.xml; path = Info.plist; sourceTree = "<group>"; };
		439D38FA25F53F7500C0AA05 /* WonkaCrewUITests.xctest */ = {isa = PBXFileReference; explicitFileType = wrapper.cfbundle; includeInIndex = 0; path = WonkaCrewUITests.xctest; sourceTree = BUILT_PRODUCTS_DIR; };
		439D38FE25F53F7500C0AA05 /* WonkaCrewUITests.swift */ = {isa = PBXFileReference; lastKnownFileType = sourcecode.swift; path = WonkaCrewUITests.swift; sourceTree = "<group>"; };
		439D390025F53F7500C0AA05 /* Info.plist */ = {isa = PBXFileReference; lastKnownFileType = text.plist.xml; path = Info.plist; sourceTree = "<group>"; };
		439D392A25F5455600C0AA05 /* CrewListViewController.swift */ = {isa = PBXFileReference; lastKnownFileType = sourcecode.swift; path = CrewListViewController.swift; sourceTree = "<group>"; };
		439D393F25F54DD800C0AA05 /* APIConfiguration.swift */ = {isa = PBXFileReference; lastKnownFileType = sourcecode.swift; path = APIConfiguration.swift; sourceTree = "<group>"; };
		439D394725F55C5A00C0AA05 /* ServerFetcherType.swift */ = {isa = PBXFileReference; lastKnownFileType = sourcecode.swift; path = ServerFetcherType.swift; sourceTree = "<group>"; };
		439D394D25F55CF000C0AA05 /* OompaLoompa.swift */ = {isa = PBXFileReference; lastKnownFileType = sourcecode.swift; path = OompaLoompa.swift; sourceTree = "<group>"; };
		439D395525F55E0300C0AA05 /* Gender.swift */ = {isa = PBXFileReference; lastKnownFileType = sourcecode.swift; path = Gender.swift; sourceTree = "<group>"; };
		439D395A25F5637600C0AA05 /* ServerFetcher.swift */ = {isa = PBXFileReference; lastKnownFileType = sourcecode.swift; path = ServerFetcher.swift; sourceTree = "<group>"; };
		439D395F25F57DCB00C0AA05 /* OompaLoompaTableViewCell.swift */ = {isa = PBXFileReference; lastKnownFileType = sourcecode.swift; path = OompaLoompaTableViewCell.swift; sourceTree = "<group>"; };
		439D396425F57F1C00C0AA05 /* OompaLoompaPresentable.swift */ = {isa = PBXFileReference; lastKnownFileType = sourcecode.swift; path = OompaLoompaPresentable.swift; sourceTree = "<group>"; };
		439D396925F57FB500C0AA05 /* CrewListViewModel.swift */ = {isa = PBXFileReference; lastKnownFileType = sourcecode.swift; path = CrewListViewModel.swift; sourceTree = "<group>"; };
		439D397125F5815B00C0AA05 /* OompaLoompaViewModel.swift */ = {isa = PBXFileReference; lastKnownFileType = sourcecode.swift; path = OompaLoompaViewModel.swift; sourceTree = "<group>"; };
		439D397A25F613FB00C0AA05 /* CustomActivityIndicatorView.swift */ = {isa = PBXFileReference; lastKnownFileType = sourcecode.swift; path = CustomActivityIndicatorView.swift; sourceTree = "<group>"; };
		439D398F25F61BCF00C0AA05 /* UIImage+Gif.swift */ = {isa = PBXFileReference; lastKnownFileType = sourcecode.swift; path = "UIImage+Gif.swift"; sourceTree = "<group>"; };
		439D399D25F6359100C0AA05 /* loading.gif */ = {isa = PBXFileReference; lastKnownFileType = image.gif; path = loading.gif; sourceTree = "<group>"; };
		439D39A525F6424900C0AA05 /* CrewList.swift */ = {isa = PBXFileReference; lastKnownFileType = sourcecode.swift; path = CrewList.swift; sourceTree = "<group>"; };
		439D39DA25F67F2600C0AA05 /* loadingImage.gif */ = {isa = PBXFileReference; lastKnownFileType = image.gif; path = loadingImage.gif; sourceTree = "<group>"; };
		439D39F625F6D62000C0AA05 /* Storyboardable.swift */ = {isa = PBXFileReference; lastKnownFileType = sourcecode.swift; path = Storyboardable.swift; sourceTree = "<group>"; };
		439D39FD25F6D75D00C0AA05 /* Coordinator.swift */ = {isa = PBXFileReference; lastKnownFileType = sourcecode.swift; path = Coordinator.swift; sourceTree = "<group>"; };
		439D3A0225F6D7D100C0AA05 /* AppCoordinator.swift */ = {isa = PBXFileReference; lastKnownFileType = sourcecode.swift; path = AppCoordinator.swift; sourceTree = "<group>"; };
		439D3A1725F6DF7300C0AA05 /* FiltersViewController.swift */ = {isa = PBXFileReference; lastKnownFileType = sourcecode.swift; path = FiltersViewController.swift; sourceTree = "<group>"; };
		439D3A2125F6E42F00C0AA05 /* FiltersPresentable.swift */ = {isa = PBXFileReference; lastKnownFileType = sourcecode.swift; path = FiltersPresentable.swift; sourceTree = "<group>"; };
		439D3A2625F6E48B00C0AA05 /* FiltersViewModel.swift */ = {isa = PBXFileReference; lastKnownFileType = sourcecode.swift; path = FiltersViewModel.swift; sourceTree = "<group>"; };
		439D3A2B25F6E4A000C0AA05 /* FilterGenderViewModel.swift */ = {isa = PBXFileReference; lastKnownFileType = sourcecode.swift; path = FilterGenderViewModel.swift; sourceTree = "<group>"; };
		439D3A3025F6E4B300C0AA05 /* FilterProfessionViewModel.swift */ = {isa = PBXFileReference; lastKnownFileType = sourcecode.swift; path = FilterProfessionViewModel.swift; sourceTree = "<group>"; };
		439D3A3625F764C800C0AA05 /* FiltersTableViewCell.swift */ = {isa = PBXFileReference; lastKnownFileType = sourcecode.swift; path = FiltersTableViewCell.swift; sourceTree = "<group>"; };
		439D3A3E25F76BE700C0AA05 /* Profession.swift */ = {isa = PBXFileReference; lastKnownFileType = sourcecode.swift; path = Profession.swift; sourceTree = "<group>"; };
		439D3A4325F77A9800C0AA05 /* UserDefaults.swift */ = {isa = PBXFileReference; lastKnownFileType = sourcecode.swift; path = UserDefaults.swift; sourceTree = "<group>"; };
		439D3A4825F79C7100C0AA05 /* FiltersHeaderView.swift */ = {isa = PBXFileReference; lastKnownFileType = sourcecode.swift; path = FiltersHeaderView.swift; sourceTree = "<group>"; };
		4ADEFB94A8F8C13463D11267 /* Pods-WonkaCrew-WonkaCrewUITests.debug.xcconfig */ = {isa = PBXFileReference; includeInIndex = 1; lastKnownFileType = text.xcconfig; name = "Pods-WonkaCrew-WonkaCrewUITests.debug.xcconfig"; path = "Target Support Files/Pods-WonkaCrew-WonkaCrewUITests/Pods-WonkaCrew-WonkaCrewUITests.debug.xcconfig"; sourceTree = "<group>"; };
		53BD370992E3192D837D7CAA /* Pods-WonkaCrew-WonkaCrewUITests.release.xcconfig */ = {isa = PBXFileReference; includeInIndex = 1; lastKnownFileType = text.xcconfig; name = "Pods-WonkaCrew-WonkaCrewUITests.release.xcconfig"; path = "Target Support Files/Pods-WonkaCrew-WonkaCrewUITests/Pods-WonkaCrew-WonkaCrewUITests.release.xcconfig"; sourceTree = "<group>"; };
		9A913A2B00B0894FA80630F8 /* Pods_WonkaCrewTests.framework */ = {isa = PBXFileReference; explicitFileType = wrapper.framework; includeInIndex = 0; path = Pods_WonkaCrewTests.framework; sourceTree = BUILT_PRODUCTS_DIR; };
		C5D9B9065C4A61A6055C8F81 /* Pods-WonkaCrew.debug.xcconfig */ = {isa = PBXFileReference; includeInIndex = 1; lastKnownFileType = text.xcconfig; name = "Pods-WonkaCrew.debug.xcconfig"; path = "Target Support Files/Pods-WonkaCrew/Pods-WonkaCrew.debug.xcconfig"; sourceTree = "<group>"; };
		DDC16830CC3F62D05D80AFC1 /* Pods-WonkaCrewTests.release.xcconfig */ = {isa = PBXFileReference; includeInIndex = 1; lastKnownFileType = text.xcconfig; name = "Pods-WonkaCrewTests.release.xcconfig"; path = "Target Support Files/Pods-WonkaCrewTests/Pods-WonkaCrewTests.release.xcconfig"; sourceTree = "<group>"; };
/* End PBXFileReference section */

/* Begin PBXFrameworksBuildPhase section */
		439D38D625F53F6800C0AA05 /* Frameworks */ = {
			isa = PBXFrameworksBuildPhase;
			buildActionMask = 2147483647;
			files = (
				73362A6677A3D9E70DE96A65 /* Pods_WonkaCrew.framework in Frameworks */,
			);
			runOnlyForDeploymentPostprocessing = 0;
		};
		439D38EC25F53F7500C0AA05 /* Frameworks */ = {
			isa = PBXFrameworksBuildPhase;
			buildActionMask = 2147483647;
			files = (
				4407DD9813FBA53DE86D6DCC /* Pods_WonkaCrewTests.framework in Frameworks */,
			);
			runOnlyForDeploymentPostprocessing = 0;
		};
		439D38F725F53F7500C0AA05 /* Frameworks */ = {
			isa = PBXFrameworksBuildPhase;
			buildActionMask = 2147483647;
			files = (
				C31D0D499CDAF14BA0B97D1B /* Pods_WonkaCrew_WonkaCrewUITests.framework in Frameworks */,
			);
			runOnlyForDeploymentPostprocessing = 0;
		};
/* End PBXFrameworksBuildPhase section */

/* Begin PBXGroup section */
		431A420025F81BD600DB7F11 /* Error Alert View Controller */ = {
			isa = PBXGroup;
			children = (
				431A420125F81C3D00DB7F11 /* ErrorAlertViewController.swift */,
			);
			path = "Error Alert View Controller";
			sourceTree = "<group>";
		};
		439D38D025F53F6800C0AA05 = {
			isa = PBXGroup;
			children = (
				439D38DB25F53F6800C0AA05 /* WonkaCrew */,
				439D38F225F53F7500C0AA05 /* WonkaCrewTests */,
				439D38FD25F53F7500C0AA05 /* WonkaCrewUITests */,
				439D38DA25F53F6800C0AA05 /* Products */,
				5A19CB708627091251C2E1A4 /* Pods */,
				AAABAFBA04ACCDCAB38BFD14 /* Frameworks */,
			);
			sourceTree = "<group>";
		};
		439D38DA25F53F6800C0AA05 /* Products */ = {
			isa = PBXGroup;
			children = (
				439D38D925F53F6800C0AA05 /* WonkaCrew.app */,
				439D38EF25F53F7500C0AA05 /* WonkaCrewTests.xctest */,
				439D38FA25F53F7500C0AA05 /* WonkaCrewUITests.xctest */,
			);
			name = Products;
			sourceTree = "<group>";
		};
		439D38DB25F53F6800C0AA05 /* WonkaCrew */ = {
			isa = PBXGroup;
			children = (
				439D392025F5432800C0AA05 /* Delegates */,
				439D391D25F542C300C0AA05 /* View Controllers */,
				439D39FB25F6D73300C0AA05 /* Coordinators */,
				439D397925F613B600C0AA05 /* Views */,
				439D393E25F54DB000C0AA05 /* Configuration */,
				439D398E25F61BB100C0AA05 /* Extensions */,
				439D392825F5448E00C0AA05 /* Protocols */,
				439D392725F5444D00C0AA05 /* Managers */,
				439D394C25F55CD300C0AA05 /* Models */,
				439D392125F5434D00C0AA05 /* Storyboards */,
				439D392225F5435E00C0AA05 /* Resources */,
				439D392325F5436C00C0AA05 /* Supporting Files */,
			);
			path = WonkaCrew;
			sourceTree = "<group>";
		};
		439D38F225F53F7500C0AA05 /* WonkaCrewTests */ = {
			isa = PBXGroup;
			children = (
				439D38F325F53F7500C0AA05 /* WonkaCrewTests.swift */,
				439D38F525F53F7500C0AA05 /* Info.plist */,
			);
			path = WonkaCrewTests;
			sourceTree = "<group>";
		};
		439D38FD25F53F7500C0AA05 /* WonkaCrewUITests */ = {
			isa = PBXGroup;
			children = (
				439D38FE25F53F7500C0AA05 /* WonkaCrewUITests.swift */,
				439D390025F53F7500C0AA05 /* Info.plist */,
			);
			path = WonkaCrewUITests;
			sourceTree = "<group>";
		};
		439D391D25F542C300C0AA05 /* View Controllers */ = {
			isa = PBXGroup;
			children = (
				431A420025F81BD600DB7F11 /* Error Alert View Controller */,
				439D392925F544D000C0AA05 /* Crew List View Controller */,
				439D3A1625F6DF5300C0AA05 /* Filters View Controller */,
			);
			path = "View Controllers";
			sourceTree = "<group>";
		};
		439D392025F5432800C0AA05 /* Delegates */ = {
			isa = PBXGroup;
			children = (
				439D38DC25F53F6800C0AA05 /* AppDelegate.swift */,
				439D38DE25F53F6800C0AA05 /* SceneDelegate.swift */,
			);
			path = Delegates;
			sourceTree = "<group>";
		};
		439D392125F5434D00C0AA05 /* Storyboards */ = {
			isa = PBXGroup;
			children = (
				439D38E225F53F6800C0AA05 /* Main.storyboard */,
				439D38E725F53F7500C0AA05 /* LaunchScreen.storyboard */,
			);
			path = Storyboards;
			sourceTree = "<group>";
		};
		439D392225F5435E00C0AA05 /* Resources */ = {
			isa = PBXGroup;
			children = (
				439D39DA25F67F2600C0AA05 /* loadingImage.gif */,
				439D399D25F6359100C0AA05 /* loading.gif */,
				439D38E525F53F7500C0AA05 /* Assets.xcassets */,
			);
			path = Resources;
			sourceTree = "<group>";
		};
		439D392325F5436C00C0AA05 /* Supporting Files */ = {
			isa = PBXGroup;
			children = (
				439D38EA25F53F7500C0AA05 /* Info.plist */,
			);
			path = "Supporting Files";
			sourceTree = "<group>";
		};
		439D392725F5444D00C0AA05 /* Managers */ = {
			isa = PBXGroup;
			children = (
				439D395A25F5637600C0AA05 /* ServerFetcher.swift */,
			);
			path = Managers;
			sourceTree = "<group>";
		};
		439D392825F5448E00C0AA05 /* Protocols */ = {
			isa = PBXGroup;
			children = (
				439D394725F55C5A00C0AA05 /* ServerFetcherType.swift */,
				439D39F625F6D62000C0AA05 /* Storyboardable.swift */,
			);
			path = Protocols;
			sourceTree = "<group>";
		};
		439D392925F544D000C0AA05 /* Crew List View Controller */ = {
			isa = PBXGroup;
			children = (
				439D392A25F5455600C0AA05 /* CrewListViewController.swift */,
				439D393225F5457000C0AA05 /* Protocols */,
				439D393425F5459D00C0AA05 /* View Models */,
				439D393325F5457700C0AA05 /* Table View Cells */,
			);
			path = "Crew List View Controller";
			sourceTree = "<group>";
		};
		439D393225F5457000C0AA05 /* Protocols */ = {
			isa = PBXGroup;
			children = (
				439D396425F57F1C00C0AA05 /* OompaLoompaPresentable.swift */,
			);
			path = Protocols;
			sourceTree = "<group>";
		};
		439D393325F5457700C0AA05 /* Table View Cells */ = {
			isa = PBXGroup;
			children = (
				439D395F25F57DCB00C0AA05 /* OompaLoompaTableViewCell.swift */,
			);
			path = "Table View Cells";
			sourceTree = "<group>";
		};
		439D393425F5459D00C0AA05 /* View Models */ = {
			isa = PBXGroup;
			children = (
				439D396925F57FB500C0AA05 /* CrewListViewModel.swift */,
				439D397125F5815B00C0AA05 /* OompaLoompaViewModel.swift */,
			);
			path = "View Models";
			sourceTree = "<group>";
		};
		439D393E25F54DB000C0AA05 /* Configuration */ = {
			isa = PBXGroup;
			children = (
				439D393F25F54DD800C0AA05 /* APIConfiguration.swift */,
			);
			path = Configuration;
			sourceTree = "<group>";
		};
		439D394C25F55CD300C0AA05 /* Models */ = {
			isa = PBXGroup;
			children = (
				439D39A525F6424900C0AA05 /* CrewList.swift */,
				439D394D25F55CF000C0AA05 /* OompaLoompa.swift */,
				439D395525F55E0300C0AA05 /* Gender.swift */,
				439D3A3E25F76BE700C0AA05 /* Profession.swift */,
			);
			path = Models;
			sourceTree = "<group>";
		};
		439D397925F613B600C0AA05 /* Views */ = {
			isa = PBXGroup;
			children = (
				431A420C25F8246300DB7F11 /* EmptyTableView.swift */,
				439D3A4825F79C7100C0AA05 /* FiltersHeaderView.swift */,
				439D397A25F613FB00C0AA05 /* CustomActivityIndicatorView.swift */,
			);
			path = Views;
			sourceTree = "<group>";
		};
		439D398E25F61BB100C0AA05 /* Extensions */ = {
			isa = PBXGroup;
			children = (
				431A421125F8292000DB7F11 /* TableView.swift */,
				439D398F25F61BCF00C0AA05 /* UIImage+Gif.swift */,
				439D3A4325F77A9800C0AA05 /* UserDefaults.swift */,
			);
			path = Extensions;
			sourceTree = "<group>";
		};
		439D39FB25F6D73300C0AA05 /* Coordinators */ = {
			isa = PBXGroup;
			children = (
				439D39FD25F6D75D00C0AA05 /* Coordinator.swift */,
				439D39FC25F6D74E00C0AA05 /* Application Coordinator */,
			);
			path = Coordinators;
			sourceTree = "<group>";
		};
		439D39FC25F6D74E00C0AA05 /* Application Coordinator */ = {
			isa = PBXGroup;
			children = (
				439D3A0225F6D7D100C0AA05 /* AppCoordinator.swift */,
			);
			path = "Application Coordinator";
			sourceTree = "<group>";
		};
		439D3A1625F6DF5300C0AA05 /* Filters View Controller */ = {
			isa = PBXGroup;
			children = (
				439D3A1725F6DF7300C0AA05 /* FiltersViewController.swift */,
				439D3A2025F6E41600C0AA05 /* Protocols */,
				439D3A1F25F6E40C00C0AA05 /* View Models */,
				439D3A3525F764A700C0AA05 /* Table View Cells */,
			);
			path = "Filters View Controller";
			sourceTree = "<group>";
		};
		439D3A1F25F6E40C00C0AA05 /* View Models */ = {
			isa = PBXGroup;
			children = (
				439D3A2625F6E48B00C0AA05 /* FiltersViewModel.swift */,
				439D3A2B25F6E4A000C0AA05 /* FilterGenderViewModel.swift */,
				439D3A3025F6E4B300C0AA05 /* FilterProfessionViewModel.swift */,
			);
			path = "View Models";
			sourceTree = "<group>";
		};
		439D3A2025F6E41600C0AA05 /* Protocols */ = {
			isa = PBXGroup;
			children = (
				439D3A2125F6E42F00C0AA05 /* FiltersPresentable.swift */,
			);
			path = Protocols;
			sourceTree = "<group>";
		};
		439D3A3525F764A700C0AA05 /* Table View Cells */ = {
			isa = PBXGroup;
			children = (
				439D3A3625F764C800C0AA05 /* FiltersTableViewCell.swift */,
			);
			path = "Table View Cells";
			sourceTree = "<group>";
		};
		5A19CB708627091251C2E1A4 /* Pods */ = {
			isa = PBXGroup;
			children = (
				C5D9B9065C4A61A6055C8F81 /* Pods-WonkaCrew.debug.xcconfig */,
				0E9538EAA80BCDCC53311F19 /* Pods-WonkaCrew.release.xcconfig */,
				4ADEFB94A8F8C13463D11267 /* Pods-WonkaCrew-WonkaCrewUITests.debug.xcconfig */,
				53BD370992E3192D837D7CAA /* Pods-WonkaCrew-WonkaCrewUITests.release.xcconfig */,
				0D1C3629390CA2E6F7827D50 /* Pods-WonkaCrewTests.debug.xcconfig */,
				DDC16830CC3F62D05D80AFC1 /* Pods-WonkaCrewTests.release.xcconfig */,
			);
			path = Pods;
			sourceTree = "<group>";
		};
		AAABAFBA04ACCDCAB38BFD14 /* Frameworks */ = {
			isa = PBXGroup;
			children = (
				2C82FEB402CE82B6A4C56404 /* Pods_WonkaCrew.framework */,
				0F54DE638266D10B9D82549C /* Pods_WonkaCrew_WonkaCrewUITests.framework */,
				9A913A2B00B0894FA80630F8 /* Pods_WonkaCrewTests.framework */,
			);
			name = Frameworks;
			sourceTree = "<group>";
		};
/* End PBXGroup section */

/* Begin PBXNativeTarget section */
		439D38D825F53F6800C0AA05 /* WonkaCrew */ = {
			isa = PBXNativeTarget;
			buildConfigurationList = 439D390325F53F7500C0AA05 /* Build configuration list for PBXNativeTarget "WonkaCrew" */;
			buildPhases = (
				655D3606C719BC93ACEDBA3A /* [CP] Check Pods Manifest.lock */,
				439D38D525F53F6800C0AA05 /* Sources */,
				439D38D625F53F6800C0AA05 /* Frameworks */,
				439D38D725F53F6800C0AA05 /* Resources */,
				E53F4A46939A015AA65B7C2F /* [CP] Embed Pods Frameworks */,
			);
			buildRules = (
			);
			dependencies = (
			);
			name = WonkaCrew;
			productName = WonkaCrew;
			productReference = 439D38D925F53F6800C0AA05 /* WonkaCrew.app */;
			productType = "com.apple.product-type.application";
		};
		439D38EE25F53F7500C0AA05 /* WonkaCrewTests */ = {
			isa = PBXNativeTarget;
			buildConfigurationList = 439D390625F53F7500C0AA05 /* Build configuration list for PBXNativeTarget "WonkaCrewTests" */;
			buildPhases = (
				5B20256B31A9B83E735CEBED /* [CP] Check Pods Manifest.lock */,
				439D38EB25F53F7500C0AA05 /* Sources */,
				439D38EC25F53F7500C0AA05 /* Frameworks */,
				439D38ED25F53F7500C0AA05 /* Resources */,
			);
			buildRules = (
			);
			dependencies = (
				439D38F125F53F7500C0AA05 /* PBXTargetDependency */,
			);
			name = WonkaCrewTests;
			productName = WonkaCrewTests;
			productReference = 439D38EF25F53F7500C0AA05 /* WonkaCrewTests.xctest */;
			productType = "com.apple.product-type.bundle.unit-test";
		};
		439D38F925F53F7500C0AA05 /* WonkaCrewUITests */ = {
			isa = PBXNativeTarget;
			buildConfigurationList = 439D390925F53F7500C0AA05 /* Build configuration list for PBXNativeTarget "WonkaCrewUITests" */;
			buildPhases = (
				6730A883B02D05F6F143AEE8 /* [CP] Check Pods Manifest.lock */,
				439D38F625F53F7500C0AA05 /* Sources */,
				439D38F725F53F7500C0AA05 /* Frameworks */,
				439D38F825F53F7500C0AA05 /* Resources */,
				05304F8D2F4B17B0319709CF /* [CP] Embed Pods Frameworks */,
			);
			buildRules = (
			);
			dependencies = (
				439D38FC25F53F7500C0AA05 /* PBXTargetDependency */,
			);
			name = WonkaCrewUITests;
			productName = WonkaCrewUITests;
			productReference = 439D38FA25F53F7500C0AA05 /* WonkaCrewUITests.xctest */;
			productType = "com.apple.product-type.bundle.ui-testing";
		};
/* End PBXNativeTarget section */

/* Begin PBXProject section */
		439D38D125F53F6800C0AA05 /* Project object */ = {
			isa = PBXProject;
			attributes = {
				LastSwiftUpdateCheck = 1240;
				LastUpgradeCheck = 1240;
				TargetAttributes = {
					439D38D825F53F6800C0AA05 = {
						CreatedOnToolsVersion = 12.4;
					};
					439D38EE25F53F7500C0AA05 = {
						CreatedOnToolsVersion = 12.4;
						TestTargetID = 439D38D825F53F6800C0AA05;
					};
					439D38F925F53F7500C0AA05 = {
						CreatedOnToolsVersion = 12.4;
						TestTargetID = 439D38D825F53F6800C0AA05;
					};
				};
			};
			buildConfigurationList = 439D38D425F53F6800C0AA05 /* Build configuration list for PBXProject "WonkaCrew" */;
			compatibilityVersion = "Xcode 9.3";
			developmentRegion = en;
			hasScannedForEncodings = 0;
			knownRegions = (
				en,
				Base,
			);
			mainGroup = 439D38D025F53F6800C0AA05;
			productRefGroup = 439D38DA25F53F6800C0AA05 /* Products */;
			projectDirPath = "";
			projectRoot = "";
			targets = (
				439D38D825F53F6800C0AA05 /* WonkaCrew */,
				439D38EE25F53F7500C0AA05 /* WonkaCrewTests */,
				439D38F925F53F7500C0AA05 /* WonkaCrewUITests */,
			);
		};
/* End PBXProject section */

/* Begin PBXResourcesBuildPhase section */
		439D38D725F53F6800C0AA05 /* Resources */ = {
			isa = PBXResourcesBuildPhase;
			buildActionMask = 2147483647;
			files = (
				439D38E925F53F7500C0AA05 /* LaunchScreen.storyboard in Resources */,
				439D399E25F6359100C0AA05 /* loading.gif in Resources */,
				439D38E625F53F7500C0AA05 /* Assets.xcassets in Resources */,
				439D38E425F53F6800C0AA05 /* Main.storyboard in Resources */,
				439D39DB25F67F2600C0AA05 /* loadingImage.gif in Resources */,
			);
			runOnlyForDeploymentPostprocessing = 0;
		};
		439D38ED25F53F7500C0AA05 /* Resources */ = {
			isa = PBXResourcesBuildPhase;
			buildActionMask = 2147483647;
			files = (
			);
			runOnlyForDeploymentPostprocessing = 0;
		};
		439D38F825F53F7500C0AA05 /* Resources */ = {
			isa = PBXResourcesBuildPhase;
			buildActionMask = 2147483647;
			files = (
			);
			runOnlyForDeploymentPostprocessing = 0;
		};
/* End PBXResourcesBuildPhase section */

/* Begin PBXShellScriptBuildPhase section */
		05304F8D2F4B17B0319709CF /* [CP] Embed Pods Frameworks */ = {
			isa = PBXShellScriptBuildPhase;
			buildActionMask = 2147483647;
			files = (
			);
			inputFileListPaths = (
				"${PODS_ROOT}/Target Support Files/Pods-WonkaCrew-WonkaCrewUITests/Pods-WonkaCrew-WonkaCrewUITests-frameworks-${CONFIGURATION}-input-files.xcfilelist",
			);
			name = "[CP] Embed Pods Frameworks";
			outputFileListPaths = (
				"${PODS_ROOT}/Target Support Files/Pods-WonkaCrew-WonkaCrewUITests/Pods-WonkaCrew-WonkaCrewUITests-frameworks-${CONFIGURATION}-output-files.xcfilelist",
			);
			runOnlyForDeploymentPostprocessing = 0;
			shellPath = /bin/sh;
			shellScript = "\"${PODS_ROOT}/Target Support Files/Pods-WonkaCrew-WonkaCrewUITests/Pods-WonkaCrew-WonkaCrewUITests-frameworks.sh\"\n";
			showEnvVarsInLog = 0;
		};
		5B20256B31A9B83E735CEBED /* [CP] Check Pods Manifest.lock */ = {
			isa = PBXShellScriptBuildPhase;
			buildActionMask = 2147483647;
			files = (
			);
			inputFileListPaths = (
			);
			inputPaths = (
				"${PODS_PODFILE_DIR_PATH}/Podfile.lock",
				"${PODS_ROOT}/Manifest.lock",
			);
			name = "[CP] Check Pods Manifest.lock";
			outputFileListPaths = (
			);
			outputPaths = (
				"$(DERIVED_FILE_DIR)/Pods-WonkaCrewTests-checkManifestLockResult.txt",
			);
			runOnlyForDeploymentPostprocessing = 0;
			shellPath = /bin/sh;
			shellScript = "diff \"${PODS_PODFILE_DIR_PATH}/Podfile.lock\" \"${PODS_ROOT}/Manifest.lock\" > /dev/null\nif [ $? != 0 ] ; then\n    # print error to STDERR\n    echo \"error: The sandbox is not in sync with the Podfile.lock. Run 'pod install' or update your CocoaPods installation.\" >&2\n    exit 1\nfi\n# This output is used by Xcode 'outputs' to avoid re-running this script phase.\necho \"SUCCESS\" > \"${SCRIPT_OUTPUT_FILE_0}\"\n";
			showEnvVarsInLog = 0;
		};
		655D3606C719BC93ACEDBA3A /* [CP] Check Pods Manifest.lock */ = {
			isa = PBXShellScriptBuildPhase;
			buildActionMask = 2147483647;
			files = (
			);
			inputFileListPaths = (
			);
			inputPaths = (
				"${PODS_PODFILE_DIR_PATH}/Podfile.lock",
				"${PODS_ROOT}/Manifest.lock",
			);
			name = "[CP] Check Pods Manifest.lock";
			outputFileListPaths = (
			);
			outputPaths = (
				"$(DERIVED_FILE_DIR)/Pods-WonkaCrew-checkManifestLockResult.txt",
			);
			runOnlyForDeploymentPostprocessing = 0;
			shellPath = /bin/sh;
			shellScript = "diff \"${PODS_PODFILE_DIR_PATH}/Podfile.lock\" \"${PODS_ROOT}/Manifest.lock\" > /dev/null\nif [ $? != 0 ] ; then\n    # print error to STDERR\n    echo \"error: The sandbox is not in sync with the Podfile.lock. Run 'pod install' or update your CocoaPods installation.\" >&2\n    exit 1\nfi\n# This output is used by Xcode 'outputs' to avoid re-running this script phase.\necho \"SUCCESS\" > \"${SCRIPT_OUTPUT_FILE_0}\"\n";
			showEnvVarsInLog = 0;
		};
		6730A883B02D05F6F143AEE8 /* [CP] Check Pods Manifest.lock */ = {
			isa = PBXShellScriptBuildPhase;
			buildActionMask = 2147483647;
			files = (
			);
			inputFileListPaths = (
			);
			inputPaths = (
				"${PODS_PODFILE_DIR_PATH}/Podfile.lock",
				"${PODS_ROOT}/Manifest.lock",
			);
			name = "[CP] Check Pods Manifest.lock";
			outputFileListPaths = (
			);
			outputPaths = (
				"$(DERIVED_FILE_DIR)/Pods-WonkaCrew-WonkaCrewUITests-checkManifestLockResult.txt",
			);
			runOnlyForDeploymentPostprocessing = 0;
			shellPath = /bin/sh;
			shellScript = "diff \"${PODS_PODFILE_DIR_PATH}/Podfile.lock\" \"${PODS_ROOT}/Manifest.lock\" > /dev/null\nif [ $? != 0 ] ; then\n    # print error to STDERR\n    echo \"error: The sandbox is not in sync with the Podfile.lock. Run 'pod install' or update your CocoaPods installation.\" >&2\n    exit 1\nfi\n# This output is used by Xcode 'outputs' to avoid re-running this script phase.\necho \"SUCCESS\" > \"${SCRIPT_OUTPUT_FILE_0}\"\n";
			showEnvVarsInLog = 0;
		};
		E53F4A46939A015AA65B7C2F /* [CP] Embed Pods Frameworks */ = {
			isa = PBXShellScriptBuildPhase;
			buildActionMask = 2147483647;
			files = (
			);
			inputFileListPaths = (
				"${PODS_ROOT}/Target Support Files/Pods-WonkaCrew/Pods-WonkaCrew-frameworks-${CONFIGURATION}-input-files.xcfilelist",
			);
			name = "[CP] Embed Pods Frameworks";
			outputFileListPaths = (
				"${PODS_ROOT}/Target Support Files/Pods-WonkaCrew/Pods-WonkaCrew-frameworks-${CONFIGURATION}-output-files.xcfilelist",
			);
			runOnlyForDeploymentPostprocessing = 0;
			shellPath = /bin/sh;
			shellScript = "\"${PODS_ROOT}/Target Support Files/Pods-WonkaCrew/Pods-WonkaCrew-frameworks.sh\"\n";
			showEnvVarsInLog = 0;
		};
/* End PBXShellScriptBuildPhase section */

/* Begin PBXSourcesBuildPhase section */
		439D38D525F53F6800C0AA05 /* Sources */ = {
			isa = PBXSourcesBuildPhase;
			buildActionMask = 2147483647;
			files = (
				439D3A4925F79C7100C0AA05 /* FiltersHeaderView.swift in Sources */,
				431A421225F8292000DB7F11 /* TableView.swift in Sources */,
				439D38DD25F53F6800C0AA05 /* AppDelegate.swift in Sources */,
				439D394825F55C5A00C0AA05 /* ServerFetcherType.swift in Sources */,
				439D399025F61BCF00C0AA05 /* UIImage+Gif.swift in Sources */,
				439D396525F57F1C00C0AA05 /* OompaLoompaPresentable.swift in Sources */,
				439D3A4425F77A9800C0AA05 /* UserDefaults.swift in Sources */,
				439D397B25F613FB00C0AA05 /* CustomActivityIndicatorView.swift in Sources */,
				431A420D25F8246300DB7F11 /* EmptyTableView.swift in Sources */,
				439D396025F57DCB00C0AA05 /* OompaLoompaTableViewCell.swift in Sources */,
				439D3A0325F6D7D100C0AA05 /* AppCoordinator.swift in Sources */,
				439D3A3125F6E4B300C0AA05 /* FilterProfessionViewModel.swift in Sources */,
				439D3A2C25F6E4A000C0AA05 /* FilterGenderViewModel.swift in Sources */,
				439D3A3725F764C800C0AA05 /* FiltersTableViewCell.swift in Sources */,
				439D3A1825F6DF7300C0AA05 /* FiltersViewController.swift in Sources */,
				439D394E25F55CF000C0AA05 /* OompaLoompa.swift in Sources */,
				439D397225F5815B00C0AA05 /* OompaLoompaViewModel.swift in Sources */,
				439D392B25F5455600C0AA05 /* CrewListViewController.swift in Sources */,
				439D396A25F57FB500C0AA05 /* CrewListViewModel.swift in Sources */,
				439D3A3F25F76BE700C0AA05 /* Profession.swift in Sources */,
				431A420225F81C3D00DB7F11 /* ErrorAlertViewController.swift in Sources */,
				439D39FE25F6D75D00C0AA05 /* Coordinator.swift in Sources */,
				439D38DF25F53F6800C0AA05 /* SceneDelegate.swift in Sources */,
				439D394025F54DD800C0AA05 /* APIConfiguration.swift in Sources */,
				439D39F725F6D62000C0AA05 /* Storyboardable.swift in Sources */,
				439D3A2725F6E48B00C0AA05 /* FiltersViewModel.swift in Sources */,
				439D395B25F5637600C0AA05 /* ServerFetcher.swift in Sources */,
				439D3A2225F6E42F00C0AA05 /* FiltersPresentable.swift in Sources */,
				439D395625F55E0300C0AA05 /* Gender.swift in Sources */,
				439D39A625F6424900C0AA05 /* CrewList.swift in Sources */,
			);
			runOnlyForDeploymentPostprocessing = 0;
		};
		439D38EB25F53F7500C0AA05 /* Sources */ = {
			isa = PBXSourcesBuildPhase;
			buildActionMask = 2147483647;
			files = (
				439D38F425F53F7500C0AA05 /* WonkaCrewTests.swift in Sources */,
			);
			runOnlyForDeploymentPostprocessing = 0;
		};
		439D38F625F53F7500C0AA05 /* Sources */ = {
			isa = PBXSourcesBuildPhase;
			buildActionMask = 2147483647;
			files = (
				439D38FF25F53F7500C0AA05 /* WonkaCrewUITests.swift in Sources */,
			);
			runOnlyForDeploymentPostprocessing = 0;
		};
/* End PBXSourcesBuildPhase section */

/* Begin PBXTargetDependency section */
		439D38F125F53F7500C0AA05 /* PBXTargetDependency */ = {
			isa = PBXTargetDependency;
			target = 439D38D825F53F6800C0AA05 /* WonkaCrew */;
			targetProxy = 439D38F025F53F7500C0AA05 /* PBXContainerItemProxy */;
		};
		439D38FC25F53F7500C0AA05 /* PBXTargetDependency */ = {
			isa = PBXTargetDependency;
			target = 439D38D825F53F6800C0AA05 /* WonkaCrew */;
			targetProxy = 439D38FB25F53F7500C0AA05 /* PBXContainerItemProxy */;
		};
/* End PBXTargetDependency section */

/* Begin PBXVariantGroup section */
		439D38E225F53F6800C0AA05 /* Main.storyboard */ = {
			isa = PBXVariantGroup;
			children = (
				439D38E325F53F6800C0AA05 /* Base */,
			);
			name = Main.storyboard;
			sourceTree = "<group>";
		};
		439D38E725F53F7500C0AA05 /* LaunchScreen.storyboard */ = {
			isa = PBXVariantGroup;
			children = (
				439D38E825F53F7500C0AA05 /* Base */,
			);
			name = LaunchScreen.storyboard;
			sourceTree = "<group>";
		};
/* End PBXVariantGroup section */

/* Begin XCBuildConfiguration section */
		439D390125F53F7500C0AA05 /* Debug */ = {
			isa = XCBuildConfiguration;
			buildSettings = {
				ALWAYS_SEARCH_USER_PATHS = NO;
				CLANG_ANALYZER_NONNULL = YES;
				CLANG_ANALYZER_NUMBER_OBJECT_CONVERSION = YES_AGGRESSIVE;
				CLANG_CXX_LANGUAGE_STANDARD = "gnu++14";
				CLANG_CXX_LIBRARY = "libc++";
				CLANG_ENABLE_MODULES = YES;
				CLANG_ENABLE_OBJC_ARC = YES;
				CLANG_ENABLE_OBJC_WEAK = YES;
				CLANG_WARN_BLOCK_CAPTURE_AUTORELEASING = YES;
				CLANG_WARN_BOOL_CONVERSION = YES;
				CLANG_WARN_COMMA = YES;
				CLANG_WARN_CONSTANT_CONVERSION = YES;
				CLANG_WARN_DEPRECATED_OBJC_IMPLEMENTATIONS = YES;
				CLANG_WARN_DIRECT_OBJC_ISA_USAGE = YES_ERROR;
				CLANG_WARN_DOCUMENTATION_COMMENTS = YES;
				CLANG_WARN_EMPTY_BODY = YES;
				CLANG_WARN_ENUM_CONVERSION = YES;
				CLANG_WARN_INFINITE_RECURSION = YES;
				CLANG_WARN_INT_CONVERSION = YES;
				CLANG_WARN_NON_LITERAL_NULL_CONVERSION = YES;
				CLANG_WARN_OBJC_IMPLICIT_RETAIN_SELF = YES;
				CLANG_WARN_OBJC_LITERAL_CONVERSION = YES;
				CLANG_WARN_OBJC_ROOT_CLASS = YES_ERROR;
				CLANG_WARN_QUOTED_INCLUDE_IN_FRAMEWORK_HEADER = YES;
				CLANG_WARN_RANGE_LOOP_ANALYSIS = YES;
				CLANG_WARN_STRICT_PROTOTYPES = YES;
				CLANG_WARN_SUSPICIOUS_MOVE = YES;
				CLANG_WARN_UNGUARDED_AVAILABILITY = YES_AGGRESSIVE;
				CLANG_WARN_UNREACHABLE_CODE = YES;
				CLANG_WARN__DUPLICATE_METHOD_MATCH = YES;
				COPY_PHASE_STRIP = NO;
				DEBUG_INFORMATION_FORMAT = dwarf;
				ENABLE_STRICT_OBJC_MSGSEND = YES;
				ENABLE_TESTABILITY = YES;
				GCC_C_LANGUAGE_STANDARD = gnu11;
				GCC_DYNAMIC_NO_PIC = NO;
				GCC_NO_COMMON_BLOCKS = YES;
				GCC_OPTIMIZATION_LEVEL = 0;
				GCC_PREPROCESSOR_DEFINITIONS = (
					"DEBUG=1",
					"$(inherited)",
				);
				GCC_WARN_64_TO_32_BIT_CONVERSION = YES;
				GCC_WARN_ABOUT_RETURN_TYPE = YES_ERROR;
				GCC_WARN_UNDECLARED_SELECTOR = YES;
				GCC_WARN_UNINITIALIZED_AUTOS = YES_AGGRESSIVE;
				GCC_WARN_UNUSED_FUNCTION = YES;
				GCC_WARN_UNUSED_VARIABLE = YES;
				IPHONEOS_DEPLOYMENT_TARGET = 14.4;
				MTL_ENABLE_DEBUG_INFO = INCLUDE_SOURCE;
				MTL_FAST_MATH = YES;
				ONLY_ACTIVE_ARCH = YES;
				SDKROOT = iphoneos;
				SWIFT_ACTIVE_COMPILATION_CONDITIONS = DEBUG;
				SWIFT_OPTIMIZATION_LEVEL = "-Onone";
			};
			name = Debug;
		};
		439D390225F53F7500C0AA05 /* Release */ = {
			isa = XCBuildConfiguration;
			buildSettings = {
				ALWAYS_SEARCH_USER_PATHS = NO;
				CLANG_ANALYZER_NONNULL = YES;
				CLANG_ANALYZER_NUMBER_OBJECT_CONVERSION = YES_AGGRESSIVE;
				CLANG_CXX_LANGUAGE_STANDARD = "gnu++14";
				CLANG_CXX_LIBRARY = "libc++";
				CLANG_ENABLE_MODULES = YES;
				CLANG_ENABLE_OBJC_ARC = YES;
				CLANG_ENABLE_OBJC_WEAK = YES;
				CLANG_WARN_BLOCK_CAPTURE_AUTORELEASING = YES;
				CLANG_WARN_BOOL_CONVERSION = YES;
				CLANG_WARN_COMMA = YES;
				CLANG_WARN_CONSTANT_CONVERSION = YES;
				CLANG_WARN_DEPRECATED_OBJC_IMPLEMENTATIONS = YES;
				CLANG_WARN_DIRECT_OBJC_ISA_USAGE = YES_ERROR;
				CLANG_WARN_DOCUMENTATION_COMMENTS = YES;
				CLANG_WARN_EMPTY_BODY = YES;
				CLANG_WARN_ENUM_CONVERSION = YES;
				CLANG_WARN_INFINITE_RECURSION = YES;
				CLANG_WARN_INT_CONVERSION = YES;
				CLANG_WARN_NON_LITERAL_NULL_CONVERSION = YES;
				CLANG_WARN_OBJC_IMPLICIT_RETAIN_SELF = YES;
				CLANG_WARN_OBJC_LITERAL_CONVERSION = YES;
				CLANG_WARN_OBJC_ROOT_CLASS = YES_ERROR;
				CLANG_WARN_QUOTED_INCLUDE_IN_FRAMEWORK_HEADER = YES;
				CLANG_WARN_RANGE_LOOP_ANALYSIS = YES;
				CLANG_WARN_STRICT_PROTOTYPES = YES;
				CLANG_WARN_SUSPICIOUS_MOVE = YES;
				CLANG_WARN_UNGUARDED_AVAILABILITY = YES_AGGRESSIVE;
				CLANG_WARN_UNREACHABLE_CODE = YES;
				CLANG_WARN__DUPLICATE_METHOD_MATCH = YES;
				COPY_PHASE_STRIP = NO;
				DEBUG_INFORMATION_FORMAT = "dwarf-with-dsym";
				ENABLE_NS_ASSERTIONS = NO;
				ENABLE_STRICT_OBJC_MSGSEND = YES;
				GCC_C_LANGUAGE_STANDARD = gnu11;
				GCC_NO_COMMON_BLOCKS = YES;
				GCC_WARN_64_TO_32_BIT_CONVERSION = YES;
				GCC_WARN_ABOUT_RETURN_TYPE = YES_ERROR;
				GCC_WARN_UNDECLARED_SELECTOR = YES;
				GCC_WARN_UNINITIALIZED_AUTOS = YES_AGGRESSIVE;
				GCC_WARN_UNUSED_FUNCTION = YES;
				GCC_WARN_UNUSED_VARIABLE = YES;
				IPHONEOS_DEPLOYMENT_TARGET = 14.4;
				MTL_ENABLE_DEBUG_INFO = NO;
				MTL_FAST_MATH = YES;
				SDKROOT = iphoneos;
				SWIFT_COMPILATION_MODE = wholemodule;
				SWIFT_OPTIMIZATION_LEVEL = "-O";
				VALIDATE_PRODUCT = YES;
			};
			name = Release;
		};
		439D390425F53F7500C0AA05 /* Debug */ = {
			isa = XCBuildConfiguration;
			baseConfigurationReference = C5D9B9065C4A61A6055C8F81 /* Pods-WonkaCrew.debug.xcconfig */;
			buildSettings = {
				ASSETCATALOG_COMPILER_APPICON_NAME = AppIcon;
				ASSETCATALOG_COMPILER_GLOBAL_ACCENT_COLOR_NAME = AccentColor;
				CODE_SIGN_STYLE = Automatic;
				DEVELOPMENT_TEAM = JV5FAB4U3X;
				INFOPLIST_FILE = "WonkaCrew/Supporting Files/Info.plist";
				IPHONEOS_DEPLOYMENT_TARGET = 13.0;
				LD_RUNPATH_SEARCH_PATHS = (
					"$(inherited)",
					"@executable_path/Frameworks",
				);
				PRODUCT_BUNDLE_IDENTIFIER = com.angelabadperez.WonkaCrew;
				PRODUCT_NAME = "$(TARGET_NAME)";
				SWIFT_VERSION = 5.0;
				TARGETED_DEVICE_FAMILY = 1;
			};
			name = Debug;
		};
		439D390525F53F7500C0AA05 /* Release */ = {
			isa = XCBuildConfiguration;
			baseConfigurationReference = 0E9538EAA80BCDCC53311F19 /* Pods-WonkaCrew.release.xcconfig */;
			buildSettings = {
				ASSETCATALOG_COMPILER_APPICON_NAME = AppIcon;
				ASSETCATALOG_COMPILER_GLOBAL_ACCENT_COLOR_NAME = AccentColor;
				CODE_SIGN_STYLE = Automatic;
				DEVELOPMENT_TEAM = JV5FAB4U3X;
				INFOPLIST_FILE = "WonkaCrew/Supporting Files/Info.plist";
				IPHONEOS_DEPLOYMENT_TARGET = 13.0;
				LD_RUNPATH_SEARCH_PATHS = (
					"$(inherited)",
					"@executable_path/Frameworks",
				);
				PRODUCT_BUNDLE_IDENTIFIER = com.angelabadperez.WonkaCrew;
				PRODUCT_NAME = "$(TARGET_NAME)";
				SWIFT_VERSION = 5.0;
				TARGETED_DEVICE_FAMILY = 1;
			};
			name = Release;
		};
		439D390725F53F7500C0AA05 /* Debug */ = {
			isa = XCBuildConfiguration;
			baseConfigurationReference = 0D1C3629390CA2E6F7827D50 /* Pods-WonkaCrewTests.debug.xcconfig */;
			buildSettings = {
				ALWAYS_EMBED_SWIFT_STANDARD_LIBRARIES = YES;
				BUNDLE_LOADER = "$(TEST_HOST)";
				CODE_SIGN_STYLE = Automatic;
				DEVELOPMENT_TEAM = JV5FAB4U3X;
				INFOPLIST_FILE = WonkaCrewTests/Info.plist;
				IPHONEOS_DEPLOYMENT_TARGET = 14.4;
				LD_RUNPATH_SEARCH_PATHS = (
					"$(inherited)",
					"@executable_path/Frameworks",
					"@loader_path/Frameworks",
				);
				PRODUCT_BUNDLE_IDENTIFIER = com.angelabadperez.WonkaCrewTests;
				PRODUCT_NAME = "$(TARGET_NAME)";
				SWIFT_VERSION = 5.0;
				TARGETED_DEVICE_FAMILY = "1,2";
				TEST_HOST = "$(BUILT_PRODUCTS_DIR)/WonkaCrew.app/WonkaCrew";
			};
			name = Debug;
		};
		439D390825F53F7500C0AA05 /* Release */ = {
			isa = XCBuildConfiguration;
			baseConfigurationReference = DDC16830CC3F62D05D80AFC1 /* Pods-WonkaCrewTests.release.xcconfig */;
			buildSettings = {
				ALWAYS_EMBED_SWIFT_STANDARD_LIBRARIES = YES;
				BUNDLE_LOADER = "$(TEST_HOST)";
				CODE_SIGN_STYLE = Automatic;
				DEVELOPMENT_TEAM = JV5FAB4U3X;
				INFOPLIST_FILE = WonkaCrewTests/Info.plist;
				IPHONEOS_DEPLOYMENT_TARGET = 14.4;
				LD_RUNPATH_SEARCH_PATHS = (
					"$(inherited)",
					"@executable_path/Frameworks",
					"@loader_path/Frameworks",
				);
				PRODUCT_BUNDLE_IDENTIFIER = com.angelabadperez.WonkaCrewTests;
				PRODUCT_NAME = "$(TARGET_NAME)";
				SWIFT_VERSION = 5.0;
				TARGETED_DEVICE_FAMILY = "1,2";
				TEST_HOST = "$(BUILT_PRODUCTS_DIR)/WonkaCrew.app/WonkaCrew";
			};
			name = Release;
		};
		439D390A25F53F7500C0AA05 /* Debug */ = {
			isa = XCBuildConfiguration;
			baseConfigurationReference = 4ADEFB94A8F8C13463D11267 /* Pods-WonkaCrew-WonkaCrewUITests.debug.xcconfig */;
			buildSettings = {
				ALWAYS_EMBED_SWIFT_STANDARD_LIBRARIES = YES;
				CODE_SIGN_STYLE = Automatic;
				DEVELOPMENT_TEAM = JV5FAB4U3X;
				INFOPLIST_FILE = WonkaCrewUITests/Info.plist;
				LD_RUNPATH_SEARCH_PATHS = (
					"$(inherited)",
					"@executable_path/Frameworks",
					"@loader_path/Frameworks",
				);
				PRODUCT_BUNDLE_IDENTIFIER = com.angelabadperez.WonkaCrewUITests;
				PRODUCT_NAME = "$(TARGET_NAME)";
				SWIFT_VERSION = 5.0;
				TARGETED_DEVICE_FAMILY = "1,2";
				TEST_TARGET_NAME = WonkaCrew;
			};
			name = Debug;
		};
		439D390B25F53F7500C0AA05 /* Release */ = {
			isa = XCBuildConfiguration;
			baseConfigurationReference = 53BD370992E3192D837D7CAA /* Pods-WonkaCrew-WonkaCrewUITests.release.xcconfig */;
			buildSettings = {
				ALWAYS_EMBED_SWIFT_STANDARD_LIBRARIES = YES;
				CODE_SIGN_STYLE = Automatic;
				DEVELOPMENT_TEAM = JV5FAB4U3X;
				INFOPLIST_FILE = WonkaCrewUITests/Info.plist;
				LD_RUNPATH_SEARCH_PATHS = (
					"$(inherited)",
					"@executable_path/Frameworks",
					"@loader_path/Frameworks",
				);
				PRODUCT_BUNDLE_IDENTIFIER = com.angelabadperez.WonkaCrewUITests;
				PRODUCT_NAME = "$(TARGET_NAME)";
				SWIFT_VERSION = 5.0;
				TARGETED_DEVICE_FAMILY = "1,2";
				TEST_TARGET_NAME = WonkaCrew;
			};
			name = Release;
		};
/* End XCBuildConfiguration section */

/* Begin XCConfigurationList section */
		439D38D425F53F6800C0AA05 /* Build configuration list for PBXProject "WonkaCrew" */ = {
			isa = XCConfigurationList;
			buildConfigurations = (
				439D390125F53F7500C0AA05 /* Debug */,
				439D390225F53F7500C0AA05 /* Release */,
			);
			defaultConfigurationIsVisible = 0;
			defaultConfigurationName = Release;
		};
		439D390325F53F7500C0AA05 /* Build configuration list for PBXNativeTarget "WonkaCrew" */ = {
			isa = XCConfigurationList;
			buildConfigurations = (
				439D390425F53F7500C0AA05 /* Debug */,
				439D390525F53F7500C0AA05 /* Release */,
			);
			defaultConfigurationIsVisible = 0;
			defaultConfigurationName = Release;
		};
		439D390625F53F7500C0AA05 /* Build configuration list for PBXNativeTarget "WonkaCrewTests" */ = {
			isa = XCConfigurationList;
			buildConfigurations = (
				439D390725F53F7500C0AA05 /* Debug */,
				439D390825F53F7500C0AA05 /* Release */,
			);
			defaultConfigurationIsVisible = 0;
			defaultConfigurationName = Release;
		};
		439D390925F53F7500C0AA05 /* Build configuration list for PBXNativeTarget "WonkaCrewUITests" */ = {
			isa = XCConfigurationList;
			buildConfigurations = (
				439D390A25F53F7500C0AA05 /* Debug */,
				439D390B25F53F7500C0AA05 /* Release */,
			);
			defaultConfigurationIsVisible = 0;
			defaultConfigurationName = Release;
		};
/* End XCConfigurationList section */
	};
	rootObject = 439D38D125F53F6800C0AA05 /* Project object */;
}
