// !$*UTF8*$!
{
	archiveVersion = 1;
	classes = {
	};
	objectVersion = 50;
	objects = {

/* Begin PBXBuildFile section */
		439D38DD25F53F6800C0AA05 /* AppDelegate.swift in Sources */ = {isa = PBXBuildFile; fileRef = 439D38DC25F53F6800C0AA05 /* AppDelegate.swift */; };
		439D38DF25F53F6800C0AA05 /* SceneDelegate.swift in Sources */ = {isa = PBXBuildFile; fileRef = 439D38DE25F53F6800C0AA05 /* SceneDelegate.swift */; };
		439D38E125F53F6800C0AA05 /* ViewController.swift in Sources */ = {isa = PBXBuildFile; fileRef = 439D38E025F53F6800C0AA05 /* ViewController.swift */; };
		439D38E425F53F6800C0AA05 /* Main.storyboard in Resources */ = {isa = PBXBuildFile; fileRef = 439D38E225F53F6800C0AA05 /* Main.storyboard */; };
		439D38E625F53F7500C0AA05 /* Assets.xcassets in Resources */ = {isa = PBXBuildFile; fileRef = 439D38E525F53F7500C0AA05 /* Assets.xcassets */; };
		439D38E925F53F7500C0AA05 /* LaunchScreen.storyboard in Resources */ = {isa = PBXBuildFile; fileRef = 439D38E725F53F7500C0AA05 /* LaunchScreen.storyboard */; };
		439D38F425F53F7500C0AA05 /* WonkaCrewTests.swift in Sources */ = {isa = PBXBuildFile; fileRef = 439D38F325F53F7500C0AA05 /* WonkaCrewTests.swift */; };
		439D38FF25F53F7500C0AA05 /* WonkaCrewUITests.swift in Sources */ = {isa = PBXBuildFile; fileRef = 439D38FE25F53F7500C0AA05 /* WonkaCrewUITests.swift */; };
/* End PBXBuildFile section */

/* Begin PBXContainerItemProxy section */
		439D38F025F53F7500C0AA05 /* PBXContainerItemProxy */ = {
			isa = PBXContainerItemProxy;
			containerPortal = 439D38D125F53F6800C0AA05 /* Project object */;
			proxyType = 1;
			remoteGlobalIDString = 439D38D825F53F6800C0AA05;
			remoteInfo = WonkaCrew;
		};
		439D38FB25F53F7500C0AA05 /* PBXContainerItemProxy */ = {
			isa = PBXContainerItemProxy;
			containerPortal = 439D38D125F53F6800C0AA05 /* Project object */;
			proxyType = 1;
			remoteGlobalIDString = 439D38D825F53F6800C0AA05;
			remoteInfo = WonkaCrew;
		};
/* End PBXContainerItemProxy section */

/* Begin PBXFileReference section */
		439D38D925F53F6800C0AA05 /* WonkaCrew.app */ = {isa = PBXFileReference; explicitFileType = wrapper.application; includeInIndex = 0; path = WonkaCrew.app; sourceTree = BUILT_PRODUCTS_DIR; };
		439D38DC25F53F6800C0AA05 /* AppDelegate.swift */ = {isa = PBXFileReference; lastKnownFileType = sourcecode.swift; path = AppDelegate.swift; sourceTree = "<group>"; };
		439D38DE25F53F6800C0AA05 /* SceneDelegate.swift */ = {isa = PBXFileReference; lastKnownFileType = sourcecode.swift; path = SceneDelegate.swift; sourceTree = "<group>"; };
		439D38E025F53F6800C0AA05 /* ViewController.swift */ = {isa = PBXFileReference; lastKnownFileType = sourcecode.swift; path = ViewController.swift; sourceTree = "<group>"; };
		439D38E325F53F6800C0AA05 /* Base */ = {isa = PBXFileReference; lastKnownFileType = file.storyboard; name = Base; path = Base.lproj/Main.storyboard; sourceTree = "<group>"; };
		439D38E525F53F7500C0AA05 /* Assets.xcassets */ = {isa = PBXFileReference; lastKnownFileType = folder.assetcatalog; path = Assets.xcassets; sourceTree = "<group>"; };
		439D38E825F53F7500C0AA05 /* Base */ = {isa = PBXFileReference; lastKnownFileType = file.storyboard; name = Base; path = Base.lproj/LaunchScreen.storyboard; sourceTree = "<group>"; };
		439D38EA25F53F7500C0AA05 /* Info.plist */ = {isa = PBXFileReference; lastKnownFileType = text.plist.xml; path = Info.plist; sourceTree = "<group>"; };
		439D38EF25F53F7500C0AA05 /* WonkaCrewTests.xctest */ = {isa = PBXFileReference; explicitFileType = wrapper.cfbundle; includeInIndex = 0; path = WonkaCrewTests.xctest; sourceTree = BUILT_PRODUCTS_DIR; };
		439D38F325F53F7500C0AA05 /* WonkaCrewTests.swift */ = {isa = PBXFileReference; lastKnownFileType = sourcecode.swift; path = WonkaCrewTests.swift; sourceTree = "<group>"; };
		439D38F525F53F7500C0AA05 /* Info.plist */ = {isa = PBXFileReference; lastKnownFileType = text.plist.xml; path = Info.plist; sourceTree = "<group>"; };
		439D38FA25F53F7500C0AA05 /* WonkaCrewUITests.xctest */ = {isa = PBXFileReference; explicitFileType = wrapper.cfbundle; includeInIndex = 0; path = WonkaCrewUITests.xctest; sourceTree = BUILT_PRODUCTS_DIR; };
		439D38FE25F53F7500C0AA05 /* WonkaCrewUITests.swift */ = {isa = PBXFileReference; lastKnownFileType = sourcecode.swift; path = WonkaCrewUITests.swift; sourceTree = "<group>"; };
		439D390025F53F7500C0AA05 /* Info.plist */ = {isa = PBXFileReference; lastKnownFileType = text.plist.xml; path = Info.plist; sourceTree = "<group>"; };
/* End PBXFileReference section */

/* Begin PBXFrameworksBuildPhase section */
		439D38D625F53F6800C0AA05 /* Frameworks */ = {
			isa = PBXFrameworksBuildPhase;
			buildActionMask = 2147483647;
			files = (
			);
			runOnlyForDeploymentPostprocessing = 0;
		};
		439D38EC25F53F7500C0AA05 /* Frameworks */ = {
			isa = PBXFrameworksBuildPhase;
			buildActionMask = 2147483647;
			files = (
			);
			runOnlyForDeploymentPostprocessing = 0;
		};
		439D38F725F53F7500C0AA05 /* Frameworks */ = {
			isa = PBXFrameworksBuildPhase;
			buildActionMask = 2147483647;
			files = (
			);
			runOnlyForDeploymentPostprocessing = 0;
		};
/* End PBXFrameworksBuildPhase section */

/* Begin PBXGroup section */
		439D38D025F53F6800C0AA05 = {
			isa = PBXGroup;
			children = (
				439D38DB25F53F6800C0AA05 /* WonkaCrew */,
				439D38F225F53F7500C0AA05 /* WonkaCrewTests */,
				439D38FD25F53F7500C0AA05 /* WonkaCrewUITests */,
				439D38DA25F53F6800C0AA05 /* Products */,
			);
			sourceTree = "<group>";
		};
		439D38DA25F53F6800C0AA05 /* Products */ = {
			isa = PBXGroup;
			children = (
				439D38D925F53F6800C0AA05 /* WonkaCrew.app */,
				439D38EF25F53F7500C0AA05 /* WonkaCrewTests.xctest */,
				439D38FA25F53F7500C0AA05 /* WonkaCrewUITests.xctest */,
			);
			name = Products;
			sourceTree = "<group>";
		};
		439D38DB25F53F6800C0AA05 /* WonkaCrew */ = {
			isa = PBXGroup;
			children = (
				439D38DC25F53F6800C0AA05 /* AppDelegate.swift */,
				439D38DE25F53F6800C0AA05 /* SceneDelegate.swift */,
				439D38E025F53F6800C0AA05 /* ViewController.swift */,
				439D38E225F53F6800C0AA05 /* Main.storyboard */,
				439D38E525F53F7500C0AA05 /* Assets.xcassets */,
				439D38E725F53F7500C0AA05 /* LaunchScreen.storyboard */,
				439D38EA25F53F7500C0AA05 /* Info.plist */,
			);
			path = WonkaCrew;
			sourceTree = "<group>";
		};
		439D38F225F53F7500C0AA05 /* WonkaCrewTests */ = {
			isa = PBXGroup;
			children = (
				439D38F325F53F7500C0AA05 /* WonkaCrewTests.swift */,
				439D38F525F53F7500C0AA05 /* Info.plist */,
			);
			path = WonkaCrewTests;
			sourceTree = "<group>";
		};
		439D38FD25F53F7500C0AA05 /* WonkaCrewUITests */ = {
			isa = PBXGroup;
			children = (
				439D38FE25F53F7500C0AA05 /* WonkaCrewUITests.swift */,
				439D390025F53F7500C0AA05 /* Info.plist */,
			);
			path = WonkaCrewUITests;
			sourceTree = "<group>";
		};
/* End PBXGroup section */

/* Begin PBXNativeTarget section */
		439D38D825F53F6800C0AA05 /* WonkaCrew */ = {
			isa = PBXNativeTarget;
			buildConfigurationList = 439D390325F53F7500C0AA05 /* Build configuration list for PBXNativeTarget "WonkaCrew" */;
			buildPhases = (
				439D38D525F53F6800C0AA05 /* Sources */,
				439D38D625F53F6800C0AA05 /* Frameworks */,
				439D38D725F53F6800C0AA05 /* Resources */,
			);
			buildRules = (
			);
			dependencies = (
			);
			name = WonkaCrew;
			productName = WonkaCrew;
			productReference = 439D38D925F53F6800C0AA05 /* WonkaCrew.app */;
			productType = "com.apple.product-type.application";
		};
		439D38EE25F53F7500C0AA05 /* WonkaCrewTests */ = {
			isa = PBXNativeTarget;
			buildConfigurationList = 439D390625F53F7500C0AA05 /* Build configuration list for PBXNativeTarget "WonkaCrewTests" */;
			buildPhases = (
				439D38EB25F53F7500C0AA05 /* Sources */,
				439D38EC25F53F7500C0AA05 /* Frameworks */,
				439D38ED25F53F7500C0AA05 /* Resources */,
			);
			buildRules = (
			);
			dependencies = (
				439D38F125F53F7500C0AA05 /* PBXTargetDependency */,
			);
			name = WonkaCrewTests;
			productName = WonkaCrewTests;
			productReference = 439D38EF25F53F7500C0AA05 /* WonkaCrewTests.xctest */;
			productType = "com.apple.product-type.bundle.unit-test";
		};
		439D38F925F53F7500C0AA05 /* WonkaCrewUITests */ = {
			isa = PBXNativeTarget;
			buildConfigurationList = 439D390925F53F7500C0AA05 /* Build configuration list for PBXNativeTarget "WonkaCrewUITests" */;
			buildPhases = (
				439D38F625F53F7500C0AA05 /* Sources */,
				439D38F725F53F7500C0AA05 /* Frameworks */,
				439D38F825F53F7500C0AA05 /* Resources */,
			);
			buildRules = (
			);
			dependencies = (
				439D38FC25F53F7500C0AA05 /* PBXTargetDependency */,
			);
			name = WonkaCrewUITests;
			productName = WonkaCrewUITests;
			productReference = 439D38FA25F53F7500C0AA05 /* WonkaCrewUITests.xctest */;
			productType = "com.apple.product-type.bundle.ui-testing";
		};
/* End PBXNativeTarget section */

/* Begin PBXProject section */
		439D38D125F53F6800C0AA05 /* Project object */ = {
			isa = PBXProject;
			attributes = {
				LastSwiftUpdateCheck = 1240;
				LastUpgradeCheck = 1240;
				TargetAttributes = {
					439D38D825F53F6800C0AA05 = {
						CreatedOnToolsVersion = 12.4;
					};
					439D38EE25F53F7500C0AA05 = {
						CreatedOnToolsVersion = 12.4;
						TestTargetID = 439D38D825F53F6800C0AA05;
					};
					439D38F925F53F7500C0AA05 = {
						CreatedOnToolsVersion = 12.4;
						TestTargetID = 439D38D825F53F6800C0AA05;
					};
				};
			};
			buildConfigurationList = 439D38D425F53F6800C0AA05 /* Build configuration list for PBXProject "WonkaCrew" */;
			compatibilityVersion = "Xcode 9.3";
			developmentRegion = en;
			hasScannedForEncodings = 0;
			knownRegions = (
				en,
				Base,
			);
			mainGroup = 439D38D025F53F6800C0AA05;
			productRefGroup = 439D38DA25F53F6800C0AA05 /* Products */;
			projectDirPath = "";
			projectRoot = "";
			targets = (
				439D38D825F53F6800C0AA05 /* WonkaCrew */,
				439D38EE25F53F7500C0AA05 /* WonkaCrewTests */,
				439D38F925F53F7500C0AA05 /* WonkaCrewUITests */,
			);
		};
/* End PBXProject section */

/* Begin PBXResourcesBuildPhase section */
		439D38D725F53F6800C0AA05 /* Resources */ = {
			isa = PBXResourcesBuildPhase;
			buildActionMask = 2147483647;
			files = (
				439D38E925F53F7500C0AA05 /* LaunchScreen.storyboard in Resources */,
				439D38E625F53F7500C0AA05 /* Assets.xcassets in Resources */,
				439D38E425F53F6800C0AA05 /* Main.storyboard in Resources */,
			);
			runOnlyForDeploymentPostprocessing = 0;
		};
		439D38ED25F53F7500C0AA05 /* Resources */ = {
			isa = PBXResourcesBuildPhase;
			buildActionMask = 2147483647;
			files = (
			);
			runOnlyForDeploymentPostprocessing = 0;
		};
		439D38F825F53F7500C0AA05 /* Resources */ = {
			isa = PBXResourcesBuildPhase;
			buildActionMask = 2147483647;
			files = (
			);
			runOnlyForDeploymentPostprocessing = 0;
		};
/* End PBXResourcesBuildPhase section */

/* Begin PBXSourcesBuildPhase section */
		439D38D525F53F6800C0AA05 /* Sources */ = {
			isa = PBXSourcesBuildPhase;
			buildActionMask = 2147483647;
			files = (
				439D38E125F53F6800C0AA05 /* ViewController.swift in Sources */,
				439D38DD25F53F6800C0AA05 /* AppDelegate.swift in Sources */,
				439D38DF25F53F6800C0AA05 /* SceneDelegate.swift in Sources */,
			);
			runOnlyForDeploymentPostprocessing = 0;
		};
		439D38EB25F53F7500C0AA05 /* Sources */ = {
			isa = PBXSourcesBuildPhase;
			buildActionMask = 2147483647;
			files = (
				439D38F425F53F7500C0AA05 /* WonkaCrewTests.swift in Sources */,
			);
			runOnlyForDeploymentPostprocessing = 0;
		};
		439D38F625F53F7500C0AA05 /* Sources */ = {
			isa = PBXSourcesBuildPhase;
			buildActionMask = 2147483647;
			files = (
				439D38FF25F53F7500C0AA05 /* WonkaCrewUITests.swift in Sources */,
			);
			runOnlyForDeploymentPostprocessing = 0;
		};
/* End PBXSourcesBuildPhase section */

/* Begin PBXTargetDependency section */
		439D38F125F53F7500C0AA05 /* PBXTargetDependency */ = {
			isa = PBXTargetDependency;
			target = 439D38D825F53F6800C0AA05 /* WonkaCrew */;
			targetProxy = 439D38F025F53F7500C0AA05 /* PBXContainerItemProxy */;
		};
		439D38FC25F53F7500C0AA05 /* PBXTargetDependency */ = {
			isa = PBXTargetDependency;
			target = 439D38D825F53F6800C0AA05 /* WonkaCrew */;
			targetProxy = 439D38FB25F53F7500C0AA05 /* PBXContainerItemProxy */;
		};
/* End PBXTargetDependency section */

/* Begin PBXVariantGroup section */
		439D38E225F53F6800C0AA05 /* Main.storyboard */ = {
			isa = PBXVariantGroup;
			children = (
				439D38E325F53F6800C0AA05 /* Base */,
			);
			name = Main.storyboard;
			sourceTree = "<group>";
		};
		439D38E725F53F7500C0AA05 /* LaunchScreen.storyboard */ = {
			isa = PBXVariantGroup;
			children = (
				439D38E825F53F7500C0AA05 /* Base */,
			);
			name = LaunchScreen.storyboard;
			sourceTree = "<group>";
		};
/* End PBXVariantGroup section */

/* Begin XCBuildConfiguration section */
		439D390125F53F7500C0AA05 /* Debug */ = {
			isa = XCBuildConfiguration;
			buildSettings = {
				ALWAYS_SEARCH_USER_PATHS = NO;
				CLANG_ANALYZER_NONNULL = YES;
				CLANG_ANALYZER_NUMBER_OBJECT_CONVERSION = YES_AGGRESSIVE;
				CLANG_CXX_LANGUAGE_STANDARD = "gnu++14";
				CLANG_CXX_LIBRARY = "libc++";
				CLANG_ENABLE_MODULES = YES;
				CLANG_ENABLE_OBJC_ARC = YES;
				CLANG_ENABLE_OBJC_WEAK = YES;
				CLANG_WARN_BLOCK_CAPTURE_AUTORELEASING = YES;
				CLANG_WARN_BOOL_CONVERSION = YES;
				CLANG_WARN_COMMA = YES;
				CLANG_WARN_CONSTANT_CONVERSION = YES;
				CLANG_WARN_DEPRECATED_OBJC_IMPLEMENTATIONS = YES;
				CLANG_WARN_DIRECT_OBJC_ISA_USAGE = YES_ERROR;
				CLANG_WARN_DOCUMENTATION_COMMENTS = YES;
				CLANG_WARN_EMPTY_BODY = YES;
				CLANG_WARN_ENUM_CONVERSION = YES;
				CLANG_WARN_INFINITE_RECURSION = YES;
				CLANG_WARN_INT_CONVERSION = YES;
				CLANG_WARN_NON_LITERAL_NULL_CONVERSION = YES;
				CLANG_WARN_OBJC_IMPLICIT_RETAIN_SELF = YES;
				CLANG_WARN_OBJC_LITERAL_CONVERSION = YES;
				CLANG_WARN_OBJC_ROOT_CLASS = YES_ERROR;
				CLANG_WARN_QUOTED_INCLUDE_IN_FRAMEWORK_HEADER = YES;
				CLANG_WARN_RANGE_LOOP_ANALYSIS = YES;
				CLANG_WARN_STRICT_PROTOTYPES = YES;
				CLANG_WARN_SUSPICIOUS_MOVE = YES;
				CLANG_WARN_UNGUARDED_AVAILABILITY = YES_AGGRESSIVE;
				CLANG_WARN_UNREACHABLE_CODE = YES;
				CLANG_WARN__DUPLICATE_METHOD_MATCH = YES;
				COPY_PHASE_STRIP = NO;
				DEBUG_INFORMATION_FORMAT = dwarf;
				ENABLE_STRICT_OBJC_MSGSEND = YES;
				ENABLE_TESTABILITY = YES;
				GCC_C_LANGUAGE_STANDARD = gnu11;
				GCC_DYNAMIC_NO_PIC = NO;
				GCC_NO_COMMON_BLOCKS = YES;
				GCC_OPTIMIZATION_LEVEL = 0;
				GCC_PREPROCESSOR_DEFINITIONS = (
					"DEBUG=1",
					"$(inherited)",
				);
				GCC_WARN_64_TO_32_BIT_CONVERSION = YES;
				GCC_WARN_ABOUT_RETURN_TYPE = YES_ERROR;
				GCC_WARN_UNDECLARED_SELECTOR = YES;
				GCC_WARN_UNINITIALIZED_AUTOS = YES_AGGRESSIVE;
				GCC_WARN_UNUSED_FUNCTION = YES;
				GCC_WARN_UNUSED_VARIABLE = YES;
				IPHONEOS_DEPLOYMENT_TARGET = 14.4;
				MTL_ENABLE_DEBUG_INFO = INCLUDE_SOURCE;
				MTL_FAST_MATH = YES;
				ONLY_ACTIVE_ARCH = YES;
				SDKROOT = iphoneos;
				SWIFT_ACTIVE_COMPILATION_CONDITIONS = DEBUG;
				SWIFT_OPTIMIZATION_LEVEL = "-Onone";
			};
			name = Debug;
		};
		439D390225F53F7500C0AA05 /* Release */ = {
			isa = XCBuildConfiguration;
			buildSettings = {
				ALWAYS_SEARCH_USER_PATHS = NO;
				CLANG_ANALYZER_NONNULL = YES;
				CLANG_ANALYZER_NUMBER_OBJECT_CONVERSION = YES_AGGRESSIVE;
				CLANG_CXX_LANGUAGE_STANDARD = "gnu++14";
				CLANG_CXX_LIBRARY = "libc++";
				CLANG_ENABLE_MODULES = YES;
				CLANG_ENABLE_OBJC_ARC = YES;
				CLANG_ENABLE_OBJC_WEAK = YES;
				CLANG_WARN_BLOCK_CAPTURE_AUTORELEASING = YES;
				CLANG_WARN_BOOL_CONVERSION = YES;
				CLANG_WARN_COMMA = YES;
				CLANG_WARN_CONSTANT_CONVERSION = YES;
				CLANG_WARN_DEPRECATED_OBJC_IMPLEMENTATIONS = YES;
				CLANG_WARN_DIRECT_OBJC_ISA_USAGE = YES_ERROR;
				CLANG_WARN_DOCUMENTATION_COMMENTS = YES;
				CLANG_WARN_EMPTY_BODY = YES;
				CLANG_WARN_ENUM_CONVERSION = YES;
				CLANG_WARN_INFINITE_RECURSION = YES;
				CLANG_WARN_INT_CONVERSION = YES;
				CLANG_WARN_NON_LITERAL_NULL_CONVERSION = YES;
				CLANG_WARN_OBJC_IMPLICIT_RETAIN_SELF = YES;
				CLANG_WARN_OBJC_LITERAL_CONVERSION = YES;
				CLANG_WARN_OBJC_ROOT_CLASS = YES_ERROR;
				CLANG_WARN_QUOTED_INCLUDE_IN_FRAMEWORK_HEADER = YES;
				CLANG_WARN_RANGE_LOOP_ANALYSIS = YES;
				CLANG_WARN_STRICT_PROTOTYPES = YES;
				CLANG_WARN_SUSPICIOUS_MOVE = YES;
				CLANG_WARN_UNGUARDED_AVAILABILITY = YES_AGGRESSIVE;
				CLANG_WARN_UNREACHABLE_CODE = YES;
				CLANG_WARN__DUPLICATE_METHOD_MATCH = YES;
				COPY_PHASE_STRIP = NO;
				DEBUG_INFORMATION_FORMAT = "dwarf-with-dsym";
				ENABLE_NS_ASSERTIONS = NO;
				ENABLE_STRICT_OBJC_MSGSEND = YES;
				GCC_C_LANGUAGE_STANDARD = gnu11;
				GCC_NO_COMMON_BLOCKS = YES;
				GCC_WARN_64_TO_32_BIT_CONVERSION = YES;
				GCC_WARN_ABOUT_RETURN_TYPE = YES_ERROR;
				GCC_WARN_UNDECLARED_SELECTOR = YES;
				GCC_WARN_UNINITIALIZED_AUTOS = YES_AGGRESSIVE;
				GCC_WARN_UNUSED_FUNCTION = YES;
				GCC_WARN_UNUSED_VARIABLE = YES;
				IPHONEOS_DEPLOYMENT_TARGET = 14.4;
				MTL_ENABLE_DEBUG_INFO = NO;
				MTL_FAST_MATH = YES;
				SDKROOT = iphoneos;
				SWIFT_COMPILATION_MODE = wholemodule;
				SWIFT_OPTIMIZATION_LEVEL = "-O";
				VALIDATE_PRODUCT = YES;
			};
			name = Release;
		};
		439D390425F53F7500C0AA05 /* Debug */ = {
			isa = XCBuildConfiguration;
			buildSettings = {
				ASSETCATALOG_COMPILER_APPICON_NAME = AppIcon;
				ASSETCATALOG_COMPILER_GLOBAL_ACCENT_COLOR_NAME = AccentColor;
				CODE_SIGN_STYLE = Automatic;
				DEVELOPMENT_TEAM = JV5FAB4U3X;
				INFOPLIST_FILE = WonkaCrew/Info.plist;
				LD_RUNPATH_SEARCH_PATHS = (
					"$(inherited)",
					"@executable_path/Frameworks",
				);
				PRODUCT_BUNDLE_IDENTIFIER = com.angelabadperez.WonkaCrew;
				PRODUCT_NAME = "$(TARGET_NAME)";
				SWIFT_VERSION = 5.0;
				TARGETED_DEVICE_FAMILY = "1,2";
			};
			name = Debug;
		};
		439D390525F53F7500C0AA05 /* Release */ = {
			isa = XCBuildConfiguration;
			buildSettings = {
				ASSETCATALOG_COMPILER_APPICON_NAME = AppIcon;
				ASSETCATALOG_COMPILER_GLOBAL_ACCENT_COLOR_NAME = AccentColor;
				CODE_SIGN_STYLE = Automatic;
				DEVELOPMENT_TEAM = JV5FAB4U3X;
				INFOPLIST_FILE = WonkaCrew/Info.plist;
				LD_RUNPATH_SEARCH_PATHS = (
					"$(inherited)",
					"@executable_path/Frameworks",
				);
				PRODUCT_BUNDLE_IDENTIFIER = com.angelabadperez.WonkaCrew;
				PRODUCT_NAME = "$(TARGET_NAME)";
				SWIFT_VERSION = 5.0;
				TARGETED_DEVICE_FAMILY = "1,2";
			};
			name = Release;
		};
		439D390725F53F7500C0AA05 /* Debug */ = {
			isa = XCBuildConfiguration;
			buildSettings = {
				ALWAYS_EMBED_SWIFT_STANDARD_LIBRARIES = YES;
				BUNDLE_LOADER = "$(TEST_HOST)";
				CODE_SIGN_STYLE = Automatic;
				DEVELOPMENT_TEAM = JV5FAB4U3X;
				INFOPLIST_FILE = WonkaCrewTests/Info.plist;
				IPHONEOS_DEPLOYMENT_TARGET = 14.4;
				LD_RUNPATH_SEARCH_PATHS = (
					"$(inherited)",
					"@executable_path/Frameworks",
					"@loader_path/Frameworks",
				);
				PRODUCT_BUNDLE_IDENTIFIER = com.angelabadperez.WonkaCrewTests;
				PRODUCT_NAME = "$(TARGET_NAME)";
				SWIFT_VERSION = 5.0;
				TARGETED_DEVICE_FAMILY = "1,2";
				TEST_HOST = "$(BUILT_PRODUCTS_DIR)/WonkaCrew.app/WonkaCrew";
			};
			name = Debug;
		};
		439D390825F53F7500C0AA05 /* Release */ = {
			isa = XCBuildConfiguration;
			buildSettings = {
				ALWAYS_EMBED_SWIFT_STANDARD_LIBRARIES = YES;
				BUNDLE_LOADER = "$(TEST_HOST)";
				CODE_SIGN_STYLE = Automatic;
				DEVELOPMENT_TEAM = JV5FAB4U3X;
				INFOPLIST_FILE = WonkaCrewTests/Info.plist;
				IPHONEOS_DEPLOYMENT_TARGET = 14.4;
				LD_RUNPATH_SEARCH_PATHS = (
					"$(inherited)",
					"@executable_path/Frameworks",
					"@loader_path/Frameworks",
				);
				PRODUCT_BUNDLE_IDENTIFIER = com.angelabadperez.WonkaCrewTests;
				PRODUCT_NAME = "$(TARGET_NAME)";
				SWIFT_VERSION = 5.0;
				TARGETED_DEVICE_FAMILY = "1,2";
				TEST_HOST = "$(BUILT_PRODUCTS_DIR)/WonkaCrew.app/WonkaCrew";
			};
			name = Release;
		};
		439D390A25F53F7500C0AA05 /* Debug */ = {
			isa = XCBuildConfiguration;
			buildSettings = {
				ALWAYS_EMBED_SWIFT_STANDARD_LIBRARIES = YES;
				CODE_SIGN_STYLE = Automatic;
				DEVELOPMENT_TEAM = JV5FAB4U3X;
				INFOPLIST_FILE = WonkaCrewUITests/Info.plist;
				LD_RUNPATH_SEARCH_PATHS = (
					"$(inherited)",
					"@executable_path/Frameworks",
					"@loader_path/Frameworks",
				);
				PRODUCT_BUNDLE_IDENTIFIER = com.angelabadperez.WonkaCrewUITests;
				PRODUCT_NAME = "$(TARGET_NAME)";
				SWIFT_VERSION = 5.0;
				TARGETED_DEVICE_FAMILY = "1,2";
				TEST_TARGET_NAME = WonkaCrew;
			};
			name = Debug;
		};
		439D390B25F53F7500C0AA05 /* Release */ = {
			isa = XCBuildConfiguration;
			buildSettings = {
				ALWAYS_EMBED_SWIFT_STANDARD_LIBRARIES = YES;
				CODE_SIGN_STYLE = Automatic;
				DEVELOPMENT_TEAM = JV5FAB4U3X;
				INFOPLIST_FILE = WonkaCrewUITests/Info.plist;
				LD_RUNPATH_SEARCH_PATHS = (
					"$(inherited)",
					"@executable_path/Frameworks",
					"@loader_path/Frameworks",
				);
				PRODUCT_BUNDLE_IDENTIFIER = com.angelabadperez.WonkaCrewUITests;
				PRODUCT_NAME = "$(TARGET_NAME)";
				SWIFT_VERSION = 5.0;
				TARGETED_DEVICE_FAMILY = "1,2";
				TEST_TARGET_NAME = WonkaCrew;
			};
			name = Release;
		};
/* End XCBuildConfiguration section */

/* Begin XCConfigurationList section */
		439D38D425F53F6800C0AA05 /* Build configuration list for PBXProject "WonkaCrew" */ = {
			isa = XCConfigurationList;
			buildConfigurations = (
				439D390125F53F7500C0AA05 /* Debug */,
				439D390225F53F7500C0AA05 /* Release */,
			);
			defaultConfigurationIsVisible = 0;
			defaultConfigurationName = Release;
		};
		439D390325F53F7500C0AA05 /* Build configuration list for PBXNativeTarget "WonkaCrew" */ = {
			isa = XCConfigurationList;
			buildConfigurations = (
				439D390425F53F7500C0AA05 /* Debug */,
				439D390525F53F7500C0AA05 /* Release */,
			);
			defaultConfigurationIsVisible = 0;
			defaultConfigurationName = Release;
		};
		439D390625F53F7500C0AA05 /* Build configuration list for PBXNativeTarget "WonkaCrewTests" */ = {
			isa = XCConfigurationList;
			buildConfigurations = (
				439D390725F53F7500C0AA05 /* Debug */,
				439D390825F53F7500C0AA05 /* Release */,
			);
			defaultConfigurationIsVisible = 0;
			defaultConfigurationName = Release;
		};
		439D390925F53F7500C0AA05 /* Build configuration list for PBXNativeTarget "WonkaCrewUITests" */ = {
			isa = XCConfigurationList;
			buildConfigurations = (
				439D390A25F53F7500C0AA05 /* Debug */,
				439D390B25F53F7500C0AA05 /* Release */,
			);
			defaultConfigurationIsVisible = 0;
			defaultConfigurationName = Release;
		};
/* End XCConfigurationList section */
	};
	rootObject = 439D38D125F53F6800C0AA05 /* Project object */;
}
